
Microsoft Visual Studio Solution File, Format Version 12.00
# Visual Studio Version 17
VisualStudioVersion = 17.9.34728.123
MinimumVisualStudioVersion = 10.0.40219.1
Project("{FAE04EC0-301F-11D3-BF4B-00C04F79EFBC}") = "MainEngine", "MainEngine\MainEngine.csproj", "{DF389F3D-C942-496D-816E-319A998D896A}"
EndProject
Global
	GlobalSection(SolutionConfigurationPlatforms) = preSolution
		Debug|Any CPU = Debug|Any CPU
		Release|Any CPU = Release|Any CPU
	EndGlobalSection
	GlobalSection(ProjectConfigurationPlatforms) = postSolution
		{DF389F3D-C942-496D-816E-319A998D896A}.Debug|Any CPU.ActiveCfg = Debug|Any CPU
		{DF389F3D-C942-496D-816E-319A998D896A}.Debug|Any CPU.Build.0 = Debug|Any CPU
		{DF389F3D-C942-496D-816E-319A998D896A}.Release|Any CPU.ActiveCfg = Release|Any CPU
		{DF389F3D-C942-496D-816E-319A998D896A}.Release|Any CPU.Build.0 = Release|Any CPU
	EndGlobalSection
	GlobalSection(SolutionProperties) = preSolution
		HideSolutionNode = FALSE
	EndGlobalSection
	GlobalSection(ExtensibilityGlobals) = postSolution
		SolutionGuid = {2789B7B9-B145-4045-A30B-5F17163D5565}
	EndGlobalSection
EndGlobal
